
Microsoft Visual Studio Solution File, Format Version 12.00
# Visual Studio 15
VisualStudioVersion = 15.0.26430.14
MinimumVisualStudioVersion = 10.0.40219.1
Project("{FAE04EC0-301F-11D3-BF4B-00C04F79EFBC}") = "speakDemoApp", "speakDemoApp\speakDemoApp.csproj", "{8C1BBA09-5582-475D-9B2C-95BDBF262210}"
EndProject
Project("{FAE04EC0-301F-11D3-BF4B-00C04F79EFBC}") = "TCPHelper", "TCPHelper\TCPHelper.csproj", "{9AD48382-4E1E-4A67-AC2A-695586D4FCE2}"
EndProject
Global
	GlobalSection(SolutionConfigurationPlatforms) = preSolution
		Debug|Any CPU = Debug|Any CPU
		Release|Any CPU = Release|Any CPU
	EndGlobalSection
	GlobalSection(ProjectConfigurationPlatforms) = postSolution
		{8C1BBA09-5582-475D-9B2C-95BDBF262210}.Debug|Any CPU.ActiveCfg = Debug|Any CPU
		{8C1BBA09-5582-475D-9B2C-95BDBF262210}.Debug|Any CPU.Build.0 = Debug|Any CPU
		{8C1BBA09-5582-475D-9B2C-95BDBF262210}.Release|Any CPU.ActiveCfg = Release|Any CPU
		{8C1BBA09-5582-475D-9B2C-95BDBF262210}.Release|Any CPU.Build.0 = Release|Any CPU
		{9AD48382-4E1E-4A67-AC2A-695586D4FCE2}.Debug|Any CPU.ActiveCfg = Debug|Any CPU
		{9AD48382-4E1E-4A67-AC2A-695586D4FCE2}.Debug|Any CPU.Build.0 = Debug|Any CPU
		{9AD48382-4E1E-4A67-AC2A-695586D4FCE2}.Release|Any CPU.ActiveCfg = Release|Any CPU
		{9AD48382-4E1E-4A67-AC2A-695586D4FCE2}.Release|Any CPU.Build.0 = Release|Any CPU
	EndGlobalSection
	GlobalSection(SolutionProperties) = preSolution
		HideSolutionNode = FALSE
	EndGlobalSection
EndGlobal
